{
  "lockfile-version": 1,
  "manifest": {
    "schema-version": "1.11.0",
    "install": {
      "nodejs": {
        "pkg-path": "nodejs_22"
      }
    },
    "hook": {},
    "profile": {},
    "options": {}
  },
  "packages": [
    {
      "attr_path": "nodejs_22",
      "broken": false,
      "derivation": "/nix/store/7z888jncalxcpnyphznbh1nhjivfykvr-nodejs-22.22.2.drv",
      "description": "Event-driven I/O framework for the V8 JavaScript engine",
      "install_id": "nodejs",
      "license": "MIT",
      "locked_url": "https://github.com/flox/nixpkgs?rev=15f4ee454b1dce334612fa6843b3e05cf546efab",
      "name": "nodejs-22.22.2",
      "pname": "nodejs_22",
      "rev": "15f4ee454b1dce334612fa6843b3e05cf546efab",
      "rev_count": 990025,
      "rev_date": "2026-04-30T19:45:37Z",
      "scrape_date": "2026-05-03T08:10:46.947179Z",
      "stabilities": [
        "unstable"
      ],
      "unfree": false,
      "version": "22.22.2",
      "outputs_to_install": [
        "out"
      ],
      "outputs": {
        "out": "/nix/store/0zb2cr3b9xlancr6s938s73pxfcbzji2-nodejs-22.22.2"
      },
      "system": "aarch64-darwin",
      "group": "toplevel",
      "priority": 5
    },
    {
      "attr_path": "nodejs_22",
      "broken": false,
      "derivation": "/nix/store/n0apilkyywlcbigbw22nvjjz3gh92ccs-nodejs-22.22.2.drv",
      "description": "Event-driven I/O framework for the V8 JavaScript engine",
      "install_id": "nodejs",
      "license": "MIT",
      "locked_url": "https://github.com/flox/nixpkgs?rev=15f4ee454b1dce334612fa6843b3e05cf546efab",
      "name": "nodejs-22.22.2",
      "pname": "nodejs_22",
      "rev": "15f4ee454b1dce334612fa6843b3e05cf546efab",
      "rev_count": 990025,
      "rev_date": "2026-04-30T19:45:37Z",
      "scrape_date": "2026-05-03T08:45:12.088639Z",
      "stabilities": [
        "unstable"
      ],
      "unfree": false,
      "version": "22.22.2",
      "outputs_to_install": [
        "out"
      ],
      "outputs": {
        "out": "/nix/store/2axvilfkmlz8wfa9zimidv5l1cydi4kc-nodejs-22.22.2"
      },
      "system": "aarch64-linux",
      "group": "toplevel",
      "priority": 5
    },
    {
      "attr_path": "nodejs_22",
      "broken": false,
      "derivation": "/nix/store/0y4ibzz247xhp9qy6fq9nvflganyxfxk-nodejs-22.22.2.drv",
      "description": "Event-driven I/O framework for the V8 JavaScript engine",
      "install_id": "nodejs",
      "license": "MIT",
      "locked_url": "https://github.com/flox/nixpkgs?rev=15f4ee454b1dce334612fa6843b3e05cf546efab",
      "name": "nodejs-22.22.2",
      "pname": "nodejs_22",
      "rev": "15f4ee454b1dce334612fa6843b3e05cf546efab",
      "rev_count": 990025,
      "rev_date": "2026-04-30T19:45:37Z",
      "scrape_date": "2026-05-03T09:16:20.084871Z",
      "stabilities": [
        "unstable"
      ],
      "unfree": false,
      "version": "22.22.2",
      "outputs_to_install": [
        "out"
      ],
      "outputs": {
        "out": "/nix/store/5b95ias241mw7bp4bindlc5xxn66phjy-nodejs-22.22.2"
      },
      "system": "x86_64-darwin",
      "group": "toplevel",
      "priority": 5
    },
    {
      "attr_path": "nodejs_22",
      "broken": false,
      "derivation": "/nix/store/wghknzpsi55q382zl0x1b4kxi48b791f-nodejs-22.22.2.drv",
      "description": "Event-driven I/O framework for the V8 JavaScript engine",
      "install_id": "nodejs",
      "license": "MIT",
      "locked_url": "https://github.com/flox/nixpkgs?rev=15f4ee454b1dce334612fa6843b3e05cf546efab",
      "name": "nodejs-22.22.2",
      "pname": "nodejs_22",
      "rev": "15f4ee454b1dce334612fa6843b3e05cf546efab",
      "rev_count": 990025,
      "rev_date": "2026-04-30T19:45:37Z",
      "scrape_date": "2026-05-03T09:52:51.742444Z",
      "stabilities": [
        "unstable"
      ],
      "unfree": false,
      "version": "22.22.2",
      "outputs_to_install": [
        "out"
      ],
      "outputs": {
        "out": "/nix/store/6x6v11xjf0psckgqmyhfyhw9bdma0rn6-nodejs-22.22.2"
      },
      "system": "x86_64-linux",
      "group": "toplevel",
      "priority": 5
    }
  ]
}
